
Microsoft Visual Studio Solution File, Format Version 12.00
# Visual Studio Version 17
VisualStudioVersion = 17.3.32825.248
MinimumVisualStudioVersion = 10.0.40219.1
Project("{9A19103F-16F7-4668-BE54-9A1E7A4F7556}") = "CQRSApi", "CQRSApi\CQRSApi.csproj", "{8EBCBE10-F17F-4DAF-A2DC-A14F5C97F50C}"
EndProject
Project("{FAE04EC0-301F-11D3-BF4B-00C04F79EFBC}") = "UnitTest", "UnitTest\UnitTest.csproj", "{7522D620-83E2-41A5-974C-EF886F35AB50}"
EndProject
Global
	GlobalSection(SolutionConfigurationPlatforms) = preSolution
		Debug|Any CPU = Debug|Any CPU
		Release|Any CPU = Release|Any CPU
	EndGlobalSection
	GlobalSection(ProjectConfigurationPlatforms) = postSolution
		{8EBCBE10-F17F-4DAF-A2DC-A14F5C97F50C}.Debug|Any CPU.ActiveCfg = Debug|Any CPU
		{8EBCBE10-F17F-4DAF-A2DC-A14F5C97F50C}.Debug|Any CPU.Build.0 = Debug|Any CPU
		{8EBCBE10-F17F-4DAF-A2DC-A14F5C97F50C}.Release|Any CPU.ActiveCfg = Release|Any CPU
		{8EBCBE10-F17F-4DAF-A2DC-A14F5C97F50C}.Release|Any CPU.Build.0 = Release|Any CPU
		{7522D620-83E2-41A5-974C-EF886F35AB50}.Debug|Any CPU.ActiveCfg = Debug|Any CPU
		{7522D620-83E2-41A5-974C-EF886F35AB50}.Debug|Any CPU.Build.0 = Debug|Any CPU
		{7522D620-83E2-41A5-974C-EF886F35AB50}.Release|Any CPU.ActiveCfg = Release|Any CPU
		{7522D620-83E2-41A5-974C-EF886F35AB50}.Release|Any CPU.Build.0 = Release|Any CPU
	EndGlobalSection
	GlobalSection(SolutionProperties) = preSolution
		HideSolutionNode = FALSE
	EndGlobalSection
	GlobalSection(ExtensibilityGlobals) = postSolution
		SolutionGuid = {69E5393D-4846-49D4-AAF8-7A2427E9978F}
	EndGlobalSection
EndGlobal
